
Microsoft Visual Studio Solution File, Format Version 12.00
# Visual Studio Version 16
VisualStudioVersion = 16.0.31702.278
MinimumVisualStudioVersion = 10.0.40219.1
Project("{FAE04EC0-301F-11D3-BF4B-00C04F79EFBC}") = "ProductApp", "ProductApp\ProductApp.csproj", "{A31B7499-5E27-4E01-9A10-972562017484}"
EndProject
Global
	GlobalSection(SolutionConfigurationPlatforms) = preSolution
		Debug|Any CPU = Debug|Any CPU
		Release|Any CPU = Release|Any CPU
	EndGlobalSection
	GlobalSection(ProjectConfigurationPlatforms) = postSolution
		{A31B7499-5E27-4E01-9A10-972562017484}.Debug|Any CPU.ActiveCfg = Debug|Any CPU
		{A31B7499-5E27-4E01-9A10-972562017484}.Debug|Any CPU.Build.0 = Debug|Any CPU
		{A31B7499-5E27-4E01-9A10-972562017484}.Release|Any CPU.ActiveCfg = Release|Any CPU
		{A31B7499-5E27-4E01-9A10-972562017484}.Release|Any CPU.Build.0 = Release|Any CPU
	EndGlobalSection
	GlobalSection(SolutionProperties) = preSolution
		HideSolutionNode = FALSE
	EndGlobalSection
	GlobalSection(ExtensibilityGlobals) = postSolution
		SolutionGuid = {CB6CC498-68A6-4BE2-A5A6-0116FBF16180}
	EndGlobalSection
EndGlobal
