
Microsoft Visual Studio Solution File, Format Version 12.00
# Visual Studio Version 16
VisualStudioVersion = 16.0.31702.278
MinimumVisualStudioVersion = 10.0.40219.1
Project("{FAE04EC0-301F-11D3-BF4B-00C04F79EFBC}") = "AppRelationModel4", "AppRelationModel4\AppRelationModel4.csproj", "{399ACA5A-A037-4786-B4DE-2DF481F88E69}"
EndProject
Global
	GlobalSection(SolutionConfigurationPlatforms) = preSolution
		Debug|Any CPU = Debug|Any CPU
		Release|Any CPU = Release|Any CPU
	EndGlobalSection
	GlobalSection(ProjectConfigurationPlatforms) = postSolution
		{399ACA5A-A037-4786-B4DE-2DF481F88E69}.Debug|Any CPU.ActiveCfg = Debug|Any CPU
		{399ACA5A-A037-4786-B4DE-2DF481F88E69}.Debug|Any CPU.Build.0 = Debug|Any CPU
		{399ACA5A-A037-4786-B4DE-2DF481F88E69}.Release|Any CPU.ActiveCfg = Release|Any CPU
		{399ACA5A-A037-4786-B4DE-2DF481F88E69}.Release|Any CPU.Build.0 = Release|Any CPU
	EndGlobalSection
	GlobalSection(SolutionProperties) = preSolution
		HideSolutionNode = FALSE
	EndGlobalSection
	GlobalSection(ExtensibilityGlobals) = postSolution
		SolutionGuid = {2D05FA9B-F882-42E5-86BD-5536C8135E60}
	EndGlobalSection
EndGlobal
