
Microsoft Visual Studio Solution File, Format Version 12.00
# Visual Studio Version 16
VisualStudioVersion = 16.0.31702.278
MinimumVisualStudioVersion = 10.0.40219.1
Project("{FAE04EC0-301F-11D3-BF4B-00C04F79EFBC}") = "AppRelationModel3", "AppRelationModel3\AppRelationModel3.csproj", "{4D8D8699-387F-4739-9076-8D2B321066D4}"
EndProject
Global
	GlobalSection(SolutionConfigurationPlatforms) = preSolution
		Debug|Any CPU = Debug|Any CPU
		Release|Any CPU = Release|Any CPU
	EndGlobalSection
	GlobalSection(ProjectConfigurationPlatforms) = postSolution
		{4D8D8699-387F-4739-9076-8D2B321066D4}.Debug|Any CPU.ActiveCfg = Debug|Any CPU
		{4D8D8699-387F-4739-9076-8D2B321066D4}.Debug|Any CPU.Build.0 = Debug|Any CPU
		{4D8D8699-387F-4739-9076-8D2B321066D4}.Release|Any CPU.ActiveCfg = Release|Any CPU
		{4D8D8699-387F-4739-9076-8D2B321066D4}.Release|Any CPU.Build.0 = Release|Any CPU
	EndGlobalSection
	GlobalSection(SolutionProperties) = preSolution
		HideSolutionNode = FALSE
	EndGlobalSection
	GlobalSection(ExtensibilityGlobals) = postSolution
		SolutionGuid = {B45FD9ED-1705-4267-9D4A-362576055349}
	EndGlobalSection
EndGlobal
